
Microsoft Visual Studio Solution File, Format Version 12.00
# Visual Studio Version 16
VisualStudioVersion = 16.0.32510.428
MinimumVisualStudioVersion = 10.0.40219.1
Project("{FAE04EC0-301F-11D3-BF4B-00C04F79EFBC}") = "HRMApi", "HRMApi\HRMApi.csproj", "{7F6E3ECD-DA2D-49C2-8F13-C1EC27F5E6A5}"
EndProject
Global
	GlobalSection(SolutionConfigurationPlatforms) = preSolution
		Debug|Any CPU = Debug|Any CPU
		Release|Any CPU = Release|Any CPU
	EndGlobalSection
	GlobalSection(ProjectConfigurationPlatforms) = postSolution
		{7F6E3ECD-DA2D-49C2-8F13-C1EC27F5E6A5}.Debug|Any CPU.ActiveCfg = Debug|Any CPU
		{7F6E3ECD-DA2D-49C2-8F13-C1EC27F5E6A5}.Debug|Any CPU.Build.0 = Debug|Any CPU
		{7F6E3ECD-DA2D-49C2-8F13-C1EC27F5E6A5}.Release|Any CPU.ActiveCfg = Release|Any CPU
		{7F6E3ECD-DA2D-49C2-8F13-C1EC27F5E6A5}.Release|Any CPU.Build.0 = Release|Any CPU
	EndGlobalSection
	GlobalSection(SolutionProperties) = preSolution
		HideSolutionNode = FALSE
	EndGlobalSection
	GlobalSection(ExtensibilityGlobals) = postSolution
		SolutionGuid = {BD618DD7-A5DC-42CE-B743-159E92F6A163}
	EndGlobalSection
EndGlobal
